{
  "name": "@mikrotik/cloud-manager",
  "version": "1.0.0",
  "description": "MikroTik Cloud Management Platform",
  "main": "index.js",
  "scripts": {
    "test": "echo \"Error: no test specified\" && exit 1"
  },
  "keywords": ["mikrotik", "cloud", "management", "hotspot", "voucher"],
  "author": "Your Name",
  "license": "MIT"
}